PODS:
  - AFNetworking (2.6.3):
    - AFNetworking/NSURLConnection (= 2.6.3)
    - AFNetworking/NSURLSession (= 2.6.3)
    - AFNetworking/Reachability (= 2.6.3)
    - AFNetworking/Security (= 2.6.3)
    - AFNetworking/Serialization (= 2.6.3)
    - AFNetworking/UIKit (= 2.6.3)
  - AFNetworking/NSURLConnection (2.6.3):
    - AFNetworking/Reachability
    - AFNetworking/Security
    - AFNetworking/Serialization
  - AFNetworking/NSURLSession (2.6.3):
    - AFNetworking/Reachability
    - AFNetworking/Security
    - AFNetworking/Serialization
  - AFNetworking/Reachability (2.6.3)
  - AFNetworking/Security (2.6.3)
  - AFNetworking/Serialization (2.6.3)
  - AFNetworking/UIKit (2.6.3):
    - AFNetworking/NSURLConnection
    - AFNetworking/NSURLSession
  - BJHL-AVSDK-iOS (0.1.8)
  - BJHL-Foundation-iOS (1.2.8):
    - CocoaLumberjack (~> 2.0)
  - BJHL-ImageSelect-iOS (0.1.7):
    - BJHL-Kit-iOS
    - LLSimpleCamera (~> 4.2.0)
  - BJHL-Kit-iOS (1.1.8):
    - BJHL-Foundation-iOS
    - JSBadgeView
    - MJRefresh
    - PureLayout
    - SDWebImage
  - BJHL-LivePlayer-iOS (1.0.6):
    - BJHL-AVSDK-iOS
    - BJHL-Foundation-iOS
    - BJHL-ImageSelect-iOS
    - BJHL-Kit-iOS
    - BJHL-Network-iOS
    - BJHL-Websocket-iOS
    - JRSwizzle
    - LKDBHelper
    - LogStat
    - LTInfiniteScrollView
    - Masonry
    - MBProgressHUD
    - ReactiveCocoa (~> 2.0)
    - UITextView+Placeholder
    - YYModel
  - BJHL-Network-iOS (1.1.1):
    - AFNetworking (~> 2.0)
    - BJHL-Foundation-iOS
  - BJHL-Websocket-iOS (0.3.1):
    - PocketSocket
  - CocoaLumberjack (2.4.0):
    - CocoaLumberjack/Default (= 2.4.0)
    - CocoaLumberjack/Extensions (= 2.4.0)
  - CocoaLumberjack/Core (2.4.0)
  - CocoaLumberjack/Default (2.4.0):
    - CocoaLumberjack/Core
  - CocoaLumberjack/Extensions (2.4.0):
    - CocoaLumberjack/Default
  - FLEX (2.4.0)
  - FMDB (2.6.2):
    - FMDB/standard (= 2.6.2)
  - FMDB/standard (2.6.2)
  - JRSwizzle (1.0)
  - JSBadgeView (1.4.1)
  - LKDBHelper (2.1.9):
    - FMDB
  - LLSimpleCamera (4.2.0)
  - LogStat (0.3.2):
    - AFNetworking (~> 2.5)
    - LKDBHelper (~> 2.1.6)
  - LTInfiniteScrollView (4.3.2)
  - Masonry (1.0.2)
  - MBProgressHUD (1.0.0)
  - MJRefresh (3.1.12)
  - PocketSocket (1.0.1):
    - PocketSocket/Client (= 1.0.1)
    - PocketSocket/Core (= 1.0.1)
    - PocketSocket/Server (= 1.0.1)
  - PocketSocket/Client (1.0.1):
    - PocketSocket/Core
  - PocketSocket/Core (1.0.1)
  - PocketSocket/Server (1.0.1):
    - PocketSocket/Client
  - PureLayout (3.0.2)
  - ReactiveCocoa (2.5):
    - ReactiveCocoa/UI (= 2.5)
  - ReactiveCocoa/Core (2.5):
    - ReactiveCocoa/no-arc
  - ReactiveCocoa/no-arc (2.5)
  - ReactiveCocoa/UI (2.5):
    - ReactiveCocoa/Core
  - SDWebImage (3.8.2):
    - SDWebImage/Core (= 3.8.2)
  - SDWebImage/Core (3.8.2)
  - UITextView+Placeholder (1.2.0)
  - YYModel (1.0.4)

DEPENDENCIES:
  - AFNetworking
  - BJHL-LivePlayer-iOS
  - FLEX (~> 2.0)
  - Masonry
  - ReactiveCocoa (~> 2.0)
  - YYModel

SPEC CHECKSUMS:
  AFNetworking: cb8d14a848e831097108418f5d49217339d4eb60
  BJHL-AVSDK-iOS: 36cd1eff666ac2b850e83e8b72c2231e276e8138
  BJHL-Foundation-iOS: ced902abd1b506d8b87f9abcc7bc280f9c7a7d52
  BJHL-ImageSelect-iOS: 65c5e86a2b22cdc96ed3528ddc3a11f9f4eefa67
  BJHL-Kit-iOS: d6932b5f1bd6720d6a90177217f2566ad3bf4633
  BJHL-LivePlayer-iOS: 9e0c62a013d4d5f9e01eb1475ae6f441f28f12ec
  BJHL-Network-iOS: 3b67f34af7a1ab1c26ed20485af0a0fb7a30bf49
  BJHL-Websocket-iOS: cc7150bedb1793ace6ad0720c4aef30da7ff3a39
  CocoaLumberjack: aa9dcab71bdf9eaf2a63bbd9ddc87863efe45457
  FLEX: bd1a39e55b56bb413b6f1b34b3c10a0dc44ef079
  FMDB: 854a0341b4726e53276f2a8996f06f1b80f9259a
  JRSwizzle: dd5ead5d913a0f29e7f558200165849f006bb1e3
  JSBadgeView: 3861ddee41094284d9468e6d0af5107f703aaac5
  LKDBHelper: 78e6c0de99f45375892223a334535d745a123dbd
  LLSimpleCamera: ed7813ce4827ff3e34c6af159c99b5b56e54d1c6
  LogStat: 893d3b761b4d5a865933f94a685edd9cb40641c4
  LTInfiniteScrollView: 6ce2fcaf6d030a9e45a164ba9dcdb1b325a30d03
  Masonry: 7c429b56da9d4ee0bbb3ed77a5ea710d6a5df39e
  MBProgressHUD: 4890f671c94e8a0f3cf959aa731e9de2f036d71a
  MJRefresh: b96cdb21c4aa75a7b07654311ab2f315c497e806
  PocketSocket: 9c6867d66fb4f962af96b9b07f4b45bb561b2c2a
  PureLayout: 4d550abe49a94f24c2808b9b95db9131685fe4cd
  ReactiveCocoa: e2db045570aa97c695e7aa97c2bcab222ae51f4a
  SDWebImage: '098e97e6176540799c27e804c96653ee0833d13c'
  UITextView+Placeholder: 77680995fcdd07c3f52ec92fe1150874a2ac89ff
  YYModel: 2a7fdd96aaa4b86a824e26d0c517de8928c04b30

PODFILE CHECKSUM: ea3d9718db3f852500c0e36a8a404a9fbe05bf98

COCOAPODS: 1.1.1
