PODS:
  - AFNetworking (2.5.4):
    - AFNetworking/NSURLConnection (= 2.5.4)
    - AFNetworking/NSURLSession (= 2.5.4)
    - AFNetworking/Reachability (= 2.5.4)
    - AFNetworking/Security (= 2.5.4)
    - AFNetworking/Serialization (= 2.5.4)
    - AFNetworking/UIKit (= 2.5.4)
  - AFNetworking/NSURLConnection (2.5.4):
    - AFNetworking/Reachability
    - AFNetworking/Security
    - AFNetworking/Serialization
  - AFNetworking/NSURLSession (2.5.4):
    - AFNetworking/Reachability
    - AFNetworking/Security
    - AFNetworking/Serialization
  - AFNetworking/Reachability (2.5.4)
  - AFNetworking/Security (2.5.4)
  - AFNetworking/Serialization (2.5.4)
  - AFNetworking/UIKit (2.5.4):
    - AFNetworking/NSURLConnection
    - AFNetworking/NSURLSession
  - BJHL-AVSDK-iOS (0.1.5)
  - BJHL-Foundation-iOS (1.2.2):
    - CocoaLumberjack
  - BJHL-ImageSelect-iOS (0.1.7):
    - BJHL-Kit-iOS
    - LLSimpleCamera (~> 4.2.0)
  - BJHL-Kit-iOS (1.1.7):
    - BJHL-Foundation-iOS
    - JSBadgeView
    - MJRefresh
    - PureLayout
    - SDWebImage
  - BJHL-LivePlayer-iOS (1.0.0):
    - BJHL-AVSDK-iOS
    - BJHL-Foundation-iOS
    - BJHL-ImageSelect-iOS
    - BJHL-Kit-iOS
    - BJHL-Network-iOS
    - BJHL-Websocket-iOS
    - JRSwizzle
    - LKDBHelper
    - LogStat
    - LTInfiniteScrollView
    - Mantle
    - MBProgressHUD
    - PureLayout
    - ReactiveCocoa
    - XLEasyCache
  - BJHL-Network-iOS (1.1.0):
    - AFNetworking (~> 2.5.3)
    - BJHL-Foundation-iOS
  - BJHL-Websocket-iOS (0.2.7):
    - BJHL-Foundation-iOS
    - ReactiveCocoa (~> 2.5)
  - CocoaLumberjack (2.3.0):
    - CocoaLumberjack/Default (= 2.3.0)
    - CocoaLumberjack/Extensions (= 2.3.0)
  - CocoaLumberjack/Core (2.3.0)
  - CocoaLumberjack/Default (2.3.0):
    - CocoaLumberjack/Core
  - CocoaLumberjack/Extensions (2.3.0):
    - CocoaLumberjack/Default
  - FLEX (2.3.0)
  - FMDB (2.6.2):
    - FMDB/standard (= 2.6.2)
  - FMDB/standard (2.6.2)
  - JRSwizzle (1.0)
  - JSBadgeView (1.4.1)
  - LKDBHelper (2.1.9):
    - FMDB
  - LLSimpleCamera (4.2.0)
  - LogStat (0.3.2):
    - AFNetworking (~> 2.5)
    - LKDBHelper (~> 2.1.6)
  - LTInfiniteScrollView (4.3.2)
  - Mantle (2.0.7):
    - Mantle/extobjc (= 2.0.7)
  - Mantle/extobjc (2.0.7)
  - Masonry (1.0.1)
  - MBProgressHUD (1.0.0)
  - MJRefresh (3.1.12)
  - PureLayout (3.0.2)
  - ReactiveCocoa (2.5):
    - ReactiveCocoa/UI (= 2.5)
  - ReactiveCocoa/Core (2.5):
    - ReactiveCocoa/no-arc
  - ReactiveCocoa/no-arc (2.5)
  - ReactiveCocoa/UI (2.5):
    - ReactiveCocoa/Core
  - SDWebImage (3.8.1):
    - SDWebImage/Core (= 3.8.1)
  - SDWebImage/Core (3.8.1)
  - TMCache (1.2.4)
  - XLEasyCache (0.1.2):
    - TMCache (~> 1.2)
  - YYModel (1.0.4)

DEPENDENCIES:
  - AFNetworking
  - BJHL-LivePlayer-iOS
  - FLEX (~> 2.0)
  - Masonry
  - ReactiveCocoa
  - YYModel

SPEC CHECKSUMS:
  AFNetworking: 05edc0ac4c4c8cf57bcf4b84be5b0744b6d8e71e
  BJHL-AVSDK-iOS: 2a3e96f8a0442cbf872d9a9e0f8e668c8ab8c84b
  BJHL-Foundation-iOS: 3d1d147a2b970508fb4e93a21416cf7a6e2360cf
  BJHL-ImageSelect-iOS: 65c5e86a2b22cdc96ed3528ddc3a11f9f4eefa67
  BJHL-Kit-iOS: 211458e33707ee90266e55c6feae8d3e03e3e6c6
  BJHL-LivePlayer-iOS: 0c86b147ea5a9a0599cac96d6908f5f3d00c4e75
  BJHL-Network-iOS: 128a82dc0e3f4e5a4219251d325941e29a02afd6
  BJHL-Websocket-iOS: 621c4032b43aa7fd4e92f81d699529bd67f7b357
  CocoaLumberjack: 97fab7ee5f507fe54445cca7ea80f926729cfd15
  FLEX: ba80ea13d2c784e85e616137fd4eff164781e364
  FMDB: 854a0341b4726e53276f2a8996f06f1b80f9259a
  JRSwizzle: dd5ead5d913a0f29e7f558200165849f006bb1e3
  JSBadgeView: 3861ddee41094284d9468e6d0af5107f703aaac5
  LKDBHelper: 78e6c0de99f45375892223a334535d745a123dbd
  LLSimpleCamera: ed7813ce4827ff3e34c6af159c99b5b56e54d1c6
  LogStat: 893d3b761b4d5a865933f94a685edd9cb40641c4
  LTInfiniteScrollView: 6ce2fcaf6d030a9e45a164ba9dcdb1b325a30d03
  Mantle: bc40bb061d8c2c6fb48d5083e04d928c3b7f73d9
  Masonry: a1a931a0d08870ed8ae415a2ea5ea68ebcac77df
  MBProgressHUD: 4890f671c94e8a0f3cf959aa731e9de2f036d71a
  MJRefresh: b96cdb21c4aa75a7b07654311ab2f315c497e806
  PureLayout: 4d550abe49a94f24c2808b9b95db9131685fe4cd
  ReactiveCocoa: e2db045570aa97c695e7aa97c2bcab222ae51f4a
  SDWebImage: 35f9627a3e44b4f292a8a8ce6a531fa488239b91
  TMCache: a93984b045a5ee84bd8941bd5e0b54296059cc52
  XLEasyCache: d2bba5fc78004472961629dbf29ccca18b1388e2
  YYModel: 2a7fdd96aaa4b86a824e26d0c517de8928c04b30

PODFILE CHECKSUM: 5739021023914a24c21ece2db1766c2f06885711

COCOAPODS: 1.0.1
